
Microsoft Visual Studio Solution File, Format Version 12.00
# Visual Studio 2012
Project("{FAE04EC0-301F-11D3-BF4B-00C04F79EFBC}") = "Ramon.ConsoleApplication", "Ramon.ConsoleApplication\Ramon.ConsoleApplication.csproj", "{2A915349-FE2C-4DFE-BDF5-157262252571}"
EndProject
Project("{FAE04EC0-301F-11D3-BF4B-00C04F79EFBC}") = "Ramon.Model", "Ramon.Model\Ramon.Model.csproj", "{112C7DA6-0B99-42E5-ABDA-26A4B7498D5C}"
EndProject
Global
	GlobalSection(SolutionConfigurationPlatforms) = preSolution
		Debug|Any CPU = Debug|Any CPU
		Release|Any CPU = Release|Any CPU
	EndGlobalSection
	GlobalSection(ProjectConfigurationPlatforms) = postSolution
		{2A915349-FE2C-4DFE-BDF5-157262252571}.Debug|Any CPU.ActiveCfg = Debug|Any CPU
		{2A915349-FE2C-4DFE-BDF5-157262252571}.Debug|Any CPU.Build.0 = Debug|Any CPU
		{2A915349-FE2C-4DFE-BDF5-157262252571}.Release|Any CPU.ActiveCfg = Release|Any CPU
		{2A915349-FE2C-4DFE-BDF5-157262252571}.Release|Any CPU.Build.0 = Release|Any CPU
		{112C7DA6-0B99-42E5-ABDA-26A4B7498D5C}.Debug|Any CPU.ActiveCfg = Debug|Any CPU
		{112C7DA6-0B99-42E5-ABDA-26A4B7498D5C}.Debug|Any CPU.Build.0 = Debug|Any CPU
		{112C7DA6-0B99-42E5-ABDA-26A4B7498D5C}.Release|Any CPU.ActiveCfg = Release|Any CPU
		{112C7DA6-0B99-42E5-ABDA-26A4B7498D5C}.Release|Any CPU.Build.0 = Release|Any CPU
	EndGlobalSection
	GlobalSection(SolutionProperties) = preSolution
		HideSolutionNode = FALSE
	EndGlobalSection
EndGlobal
